// !$*UTF8*$!
{
	archiveVersion = 1;
	classes = {
	};
	objectVersion = 46;
	objects = {

/* Begin PBXBuildFile section */
		000A54E419DB75C500FC7438 /* BLCLoginViewController.m in Sources */ = {isa = PBXBuildFile; fileRef = 000A54E319DB75C500FC7438 /* BLCLoginViewController.m */; };
		00A01FAC19C23F0000EF952D /* Foundation.framework in Frameworks */ = {isa = PBXBuildFile; fileRef = 00A01FAB19C23F0000EF952D /* Foundation.framework */; };
		00A01FAE19C23F0000EF952D /* CoreGraphics.framework in Frameworks */ = {isa = PBXBuildFile; fileRef = 00A01FAD19C23F0000EF952D /* CoreGraphics.framework */; };
		00A01FB019C23F0000EF952D /* UIKit.framework in Frameworks */ = {isa = PBXBuildFile; fileRef = 00A01FAF19C23F0000EF952D /* UIKit.framework */; };
		00A01FB619C23F0000EF952D /* InfoPlist.strings in Resources */ = {isa = PBXBuildFile; fileRef = 00A01FB419C23F0000EF952D /* InfoPlist.strings */; };
		00A01FB819C23F0000EF952D /* main.m in Sources */ = {isa = PBXBuildFile; fileRef = 00A01FB719C23F0000EF952D /* main.m */; };
		00A01FBC19C23F0000EF952D /* BLCAppDelegate.m in Sources */ = {isa = PBXBuildFile; fileRef = 00A01FBB19C23F0000EF952D /* BLCAppDelegate.m */; };
		00A01FBE19C23F0000EF952D /* Images.xcassets in Resources */ = {isa = PBXBuildFile; fileRef = 00A01FBD19C23F0000EF952D /* Images.xcassets */; };
		00A01FC519C23F0000EF952D /* XCTest.framework in Frameworks */ = {isa = PBXBuildFile; fileRef = 00A01FC419C23F0000EF952D /* XCTest.framework */; };
		00A01FC619C23F0000EF952D /* Foundation.framework in Frameworks */ = {isa = PBXBuildFile; fileRef = 00A01FAB19C23F0000EF952D /* Foundation.framework */; };
		00A01FC719C23F0000EF952D /* UIKit.framework in Frameworks */ = {isa = PBXBuildFile; fileRef = 00A01FAF19C23F0000EF952D /* UIKit.framework */; };
		00A01FCF19C23F0100EF952D /* InfoPlist.strings in Resources */ = {isa = PBXBuildFile; fileRef = 00A01FCD19C23F0100EF952D /* InfoPlist.strings */; };
		00A01FD119C23F0100EF952D /* Blocstagram2Tests.m in Sources */ = {isa = PBXBuildFile; fileRef = 00A01FD019C23F0100EF952D /* Blocstagram2Tests.m */; };
		00A01FE519C23FCE00EF952D /* 1.jpg in Resources */ = {isa = PBXBuildFile; fileRef = 00A01FDB19C23FCE00EF952D /* 1.jpg */; };
		00A01FE619C23FCE00EF952D /* 2.jpg in Resources */ = {isa = PBXBuildFile; fileRef = 00A01FDC19C23FCE00EF952D /* 2.jpg */; };
		00A01FE719C23FCE00EF952D /* 3.jpg in Resources */ = {isa = PBXBuildFile; fileRef = 00A01FDD19C23FCE00EF952D /* 3.jpg */; };
		00A01FE819C23FCE00EF952D /* 4.jpg in Resources */ = {isa = PBXBuildFile; fileRef = 00A01FDE19C23FCE00EF952D /* 4.jpg */; };
		00A01FE919C23FCE00EF952D /* 5.jpg in Resources */ = {isa = PBXBuildFile; fileRef = 00A01FDF19C23FCE00EF952D /* 5.jpg */; };
		00A01FEA19C23FCE00EF952D /* 6.jpg in Resources */ = {isa = PBXBuildFile; fileRef = 00A01FE019C23FCE00EF952D /* 6.jpg */; };
		00A01FEB19C23FCE00EF952D /* 7.jpg in Resources */ = {isa = PBXBuildFile; fileRef = 00A01FE119C23FCE00EF952D /* 7.jpg */; };
		00A01FEC19C23FCE00EF952D /* 8.jpg in Resources */ = {isa = PBXBuildFile; fileRef = 00A01FE219C23FCE00EF952D /* 8.jpg */; };
		00A01FED19C23FCE00EF952D /* 9.jpg in Resources */ = {isa = PBXBuildFile; fileRef = 00A01FE319C23FCE00EF952D /* 9.jpg */; };
		00A01FEE19C23FCE00EF952D /* 10.jpg in Resources */ = {isa = PBXBuildFile; fileRef = 00A01FE419C23FCE00EF952D /* 10.jpg */; };
		00A01FF119C2400A00EF952D /* BLCImagesTableViewController.m in Sources */ = {isa = PBXBuildFile; fileRef = 00A01FF019C2400A00EF952D /* BLCImagesTableViewController.m */; };
		00A01FF419C257FB00EF952D /* BLCUser.m in Sources */ = {isa = PBXBuildFile; fileRef = 00A01FF319C257FB00EF952D /* BLCUser.m */; };
		00A01FF719C258B100EF952D /* BLCMedia.m in Sources */ = {isa = PBXBuildFile; fileRef = 00A01FF619C258B100EF952D /* BLCMedia.m */; };
		00A01FFA19C25AC700EF952D /* BLCComment.m in Sources */ = {isa = PBXBuildFile; fileRef = 00A01FF919C25AC700EF952D /* BLCComment.m */; };
		00A01FFD19C25BDA00EF952D /* BLCDatasource.m in Sources */ = {isa = PBXBuildFile; fileRef = 00A01FFC19C25BDA00EF952D /* BLCDatasource.m */; };
		00D112DE19C9245200E08EED /* BLCMediaTableViewCell.m in Sources */ = {isa = PBXBuildFile; fileRef = 00D112DD19C9245200E08EED /* BLCMediaTableViewCell.m */; };
/* End PBXBuildFile section */

/* Begin PBXContainerItemProxy section */
		00A01FC819C23F0100EF952D /* PBXContainerItemProxy */ = {
			isa = PBXContainerItemProxy;
			containerPortal = 00A01FA019C23F0000EF952D /* Project object */;
			proxyType = 1;
			remoteGlobalIDString = 00A01FA719C23F0000EF952D;
			remoteInfo = Blocstagram2;
		};
/* End PBXContainerItemProxy section */

/* Begin PBXFileReference section */
		000A54E219DB75C500FC7438 /* BLCLoginViewController.h */ = {isa = PBXFileReference; fileEncoding = 4; lastKnownFileType = sourcecode.c.h; name = BLCLoginViewController.h; path = ../BLCLoginViewController.h; sourceTree = "<group>"; };
		000A54E319DB75C500FC7438 /* BLCLoginViewController.m */ = {isa = PBXFileReference; fileEncoding = 4; lastKnownFileType = sourcecode.c.objc; name = BLCLoginViewController.m; path = ../BLCLoginViewController.m; sourceTree = "<group>"; };
		00A01FA819C23F0000EF952D /* Blocstagram2.app */ = {isa = PBXFileReference; explicitFileType = wrapper.application; includeInIndex = 0; path = Blocstagram2.app; sourceTree = BUILT_PRODUCTS_DIR; };
		00A01FAB19C23F0000EF952D /* Foundation.framework */ = {isa = PBXFileReference; lastKnownFileType = wrapper.framework; name = Foundation.framework; path = System/Library/Frameworks/Foundation.framework; sourceTree = SDKROOT; };
		00A01FAD19C23F0000EF952D /* CoreGraphics.framework */ = {isa = PBXFileReference; lastKnownFileType = wrapper.framework; name = CoreGraphics.framework; path = System/Library/Frameworks/CoreGraphics.framework; sourceTree = SDKROOT; };
		00A01FAF19C23F0000EF952D /* UIKit.framework */ = {isa = PBXFileReference; lastKnownFileType = wrapper.framework; name = UIKit.framework; path = System/Library/Frameworks/UIKit.framework; sourceTree = SDKROOT; };
		00A01FB319C23F0000EF952D /* Blocstagram2-Info.plist */ = {isa = PBXFileReference; lastKnownFileType = text.plist.xml; path = "Blocstagram2-Info.plist"; sourceTree = "<group>"; };
		00A01FB519C23F0000EF952D /* en */ = {isa = PBXFileReference; lastKnownFileType = text.plist.strings; name = en; path = en.lproj/InfoPlist.strings; sourceTree = "<group>"; };
		00A01FB719C23F0000EF952D /* main.m */ = {isa = PBXFileReference; lastKnownFileType = sourcecode.c.objc; path = main.m; sourceTree = "<group>"; };
		00A01FB919C23F0000EF952D /* Blocstagram2-Prefix.pch */ = {isa = PBXFileReference; lastKnownFileType = sourcecode.c.h; path = "Blocstagram2-Prefix.pch"; sourceTree = "<group>"; };
		00A01FBA19C23F0000EF952D /* BLCAppDelegate.h */ = {isa = PBXFileReference; lastKnownFileType = sourcecode.c.h; path = BLCAppDelegate.h; sourceTree = "<group>"; };
		00A01FBB19C23F0000EF952D /* BLCAppDelegate.m */ = {isa = PBXFileReference; lastKnownFileType = sourcecode.c.objc; path = BLCAppDelegate.m; sourceTree = "<group>"; };
		00A01FBD19C23F0000EF952D /* Images.xcassets */ = {isa = PBXFileReference; lastKnownFileType = folder.assetcatalog; path = Images.xcassets; sourceTree = "<group>"; };
		00A01FC319C23F0000EF952D /* Blocstagram2Tests.xctest */ = {isa = PBXFileReference; explicitFileType = wrapper.cfbundle; includeInIndex = 0; path = Blocstagram2Tests.xctest; sourceTree = BUILT_PRODUCTS_DIR; };
		00A01FC419C23F0000EF952D /* XCTest.framework */ = {isa = PBXFileReference; lastKnownFileType = wrapper.framework; name = XCTest.framework; path = Library/Frameworks/XCTest.framework; sourceTree = DEVELOPER_DIR; };
		00A01FCC19C23F0100EF952D /* Blocstagram2Tests-Info.plist */ = {isa = PBXFileReference; lastKnownFileType = text.plist.xml; path = "Blocstagram2Tests-Info.plist"; sourceTree = "<group>"; };
		00A01FCE19C23F0100EF952D /* en */ = {isa = PBXFileReference; lastKnownFileType = text.plist.strings; name = en; path = en.lproj/InfoPlist.strings; sourceTree = "<group>"; };
		00A01FD019C23F0100EF952D /* Blocstagram2Tests.m */ = {isa = PBXFileReference; lastKnownFileType = sourcecode.c.objc; path = Blocstagram2Tests.m; sourceTree = "<group>"; };
		00A01FDB19C23FCE00EF952D /* 1.jpg */ = {isa = PBXFileReference; lastKnownFileType = image.jpeg; path = 1.jpg; sourceTree = "<group>"; };
		00A01FDC19C23FCE00EF952D /* 2.jpg */ = {isa = PBXFileReference; lastKnownFileType = image.jpeg; path = 2.jpg; sourceTree = "<group>"; };
		00A01FDD19C23FCE00EF952D /* 3.jpg */ = {isa = PBXFileReference; lastKnownFileType = image.jpeg; path = 3.jpg; sourceTree = "<group>"; };
		00A01FDE19C23FCE00EF952D /* 4.jpg */ = {isa = PBXFileReference; lastKnownFileType = image.jpeg; path = 4.jpg; sourceTree = "<group>"; };
		00A01FDF19C23FCE00EF952D /* 5.jpg */ = {isa = PBXFileReference; lastKnownFileType = image.jpeg; path = 5.jpg; sourceTree = "<group>"; };
		00A01FE019C23FCE00EF952D /* 6.jpg */ = {isa = PBXFileReference; lastKnownFileType = image.jpeg; path = 6.jpg; sourceTree = "<group>"; };
		00A01FE119C23FCE00EF952D /* 7.jpg */ = {isa = PBXFileReference; lastKnownFileType = image.jpeg; path = 7.jpg; sourceTree = "<group>"; };
		00A01FE219C23FCE00EF952D /* 8.jpg */ = {isa = PBXFileReference; lastKnownFileType = image.jpeg; path = 8.jpg; sourceTree = "<group>"; };
		00A01FE319C23FCE00EF952D /* 9.jpg */ = {isa = PBXFileReference; lastKnownFileType = image.jpeg; path = 9.jpg; sourceTree = "<group>"; };
		00A01FE419C23FCE00EF952D /* 10.jpg */ = {isa = PBXFileReference; lastKnownFileType = image.jpeg; path = 10.jpg; sourceTree = "<group>"; };
		00A01FEF19C2400A00EF952D /* BLCImagesTableViewController.h */ = {isa = PBXFileReference; fileEncoding = 4; lastKnownFileType = sourcecode.c.h; path = BLCImagesTableViewController.h; sourceTree = "<group>"; };
		00A01FF019C2400A00EF952D /* BLCImagesTableViewController.m */ = {isa = PBXFileReference; fileEncoding = 4; lastKnownFileType = sourcecode.c.objc; path = BLCImagesTableViewController.m; sourceTree = "<group>"; };
		00A01FF219C257FB00EF952D /* BLCUser.h */ = {isa = PBXFileReference; fileEncoding = 4; lastKnownFileType = sourcecode.c.h; path = BLCUser.h; sourceTree = "<group>"; };
		00A01FF319C257FB00EF952D /* BLCUser.m */ = {isa = PBXFileReference; fileEncoding = 4; lastKnownFileType = sourcecode.c.objc; path = BLCUser.m; sourceTree = "<group>"; };
		00A01FF519C258B100EF952D /* BLCMedia.h */ = {isa = PBXFileReference; fileEncoding = 4; lastKnownFileType = sourcecode.c.h; path = BLCMedia.h; sourceTree = "<group>"; };
		00A01FF619C258B100EF952D /* BLCMedia.m */ = {isa = PBXFileReference; fileEncoding = 4; lastKnownFileType = sourcecode.c.objc; path = BLCMedia.m; sourceTree = "<group>"; };
		00A01FF819C25AC700EF952D /* BLCComment.h */ = {isa = PBXFileReference; fileEncoding = 4; lastKnownFileType = sourcecode.c.h; path = BLCComment.h; sourceTree = "<group>"; };
		00A01FF919C25AC700EF952D /* BLCComment.m */ = {isa = PBXFileReference; fileEncoding = 4; lastKnownFileType = sourcecode.c.objc; path = BLCComment.m; sourceTree = "<group>"; };
		00A01FFB19C25BDA00EF952D /* BLCDatasource.h */ = {isa = PBXFileReference; fileEncoding = 4; lastKnownFileType = sourcecode.c.h; path = BLCDatasource.h; sourceTree = "<group>"; };
		00A01FFC19C25BDA00EF952D /* BLCDatasource.m */ = {isa = PBXFileReference; fileEncoding = 4; lastKnownFileType = sourcecode.c.objc; path = BLCDatasource.m; sourceTree = "<group>"; };
		00D112DC19C9245200E08EED /* BLCMediaTableViewCell.h */ = {isa = PBXFileReference; fileEncoding = 4; lastKnownFileType = sourcecode.c.h; path = BLCMediaTableViewCell.h; sourceTree = "<group>"; };
		00D112DD19C9245200E08EED /* BLCMediaTableViewCell.m */ = {isa = PBXFileReference; fileEncoding = 4; lastKnownFileType = sourcecode.c.objc; path = BLCMediaTableViewCell.m; sourceTree = "<group>"; };
/* End PBXFileReference section */

/* Begin PBXFrameworksBuildPhase section */
		00A01FA519C23F0000EF952D /* Frameworks */ = {
			isa = PBXFrameworksBuildPhase;
			buildActionMask = 2147483647;
			files = (
				00A01FAE19C23F0000EF952D /* CoreGraphics.framework in Frameworks */,
				00A01FB019C23F0000EF952D /* UIKit.framework in Frameworks */,
				00A01FAC19C23F0000EF952D /* Foundation.framework in Frameworks */,
			);
			runOnlyForDeploymentPostprocessing = 0;
		};
		00A01FC019C23F0000EF952D /* Frameworks */ = {
			isa = PBXFrameworksBuildPhase;
			buildActionMask = 2147483647;
			files = (
				00A01FC519C23F0000EF952D /* XCTest.framework in Frameworks */,
				00A01FC719C23F0000EF952D /* UIKit.framework in Frameworks */,
				00A01FC619C23F0000EF952D /* Foundation.framework in Frameworks */,
			);
			runOnlyForDeploymentPostprocessing = 0;
		};
/* End PBXFrameworksBuildPhase section */

/* Begin PBXGroup section */
		00A01F9F19C23F0000EF952D = {
			isa = PBXGroup;
			children = (
				00A01FB119C23F0000EF952D /* Blocstagram2 */,
				00A01FCA19C23F0100EF952D /* Blocstagram2Tests */,
				00A01FAA19C23F0000EF952D /* Frameworks */,
				00A01FA919C23F0000EF952D /* Products */,
			);
			sourceTree = "<group>";
		};
		00A01FA919C23F0000EF952D /* Products */ = {
			isa = PBXGroup;
			children = (
				00A01FA819C23F0000EF952D /* Blocstagram2.app */,
				00A01FC319C23F0000EF952D /* Blocstagram2Tests.xctest */,
			);
			name = Products;
			sourceTree = "<group>";
		};
		00A01FAA19C23F0000EF952D /* Frameworks */ = {
			isa = PBXGroup;
			children = (
				00A01FAB19C23F0000EF952D /* Foundation.framework */,
				00A01FAD19C23F0000EF952D /* CoreGraphics.framework */,
				00A01FAF19C23F0000EF952D /* UIKit.framework */,
				00A01FC419C23F0000EF952D /* XCTest.framework */,
			);
			name = Frameworks;
			sourceTree = "<group>";
		};
		00A01FB119C23F0000EF952D /* Blocstagram2 */ = {
			isa = PBXGroup;
			children = (
				00A01FEF19C2400A00EF952D /* BLCImagesTableViewController.h */,
				00A01FF019C2400A00EF952D /* BLCImagesTableViewController.m */,
				00D112DC19C9245200E08EED /* BLCMediaTableViewCell.h */,
				00D112DD19C9245200E08EED /* BLCMediaTableViewCell.m */,
				000A54E219DB75C500FC7438 /* BLCLoginViewController.h */,
				000A54E319DB75C500FC7438 /* BLCLoginViewController.m */,
				00A01FF219C257FB00EF952D /* BLCUser.h */,
				00A01FF319C257FB00EF952D /* BLCUser.m */,
				00A01FF519C258B100EF952D /* BLCMedia.h */,
				00A01FF619C258B100EF952D /* BLCMedia.m */,
				00A01FF819C25AC700EF952D /* BLCComment.h */,
				00A01FF919C25AC700EF952D /* BLCComment.m */,
				00A01FFB19C25BDA00EF952D /* BLCDatasource.h */,
				00A01FFC19C25BDA00EF952D /* BLCDatasource.m */,
				00A01FBA19C23F0000EF952D /* BLCAppDelegate.h */,
				00A01FBB19C23F0000EF952D /* BLCAppDelegate.m */,
				00A01FDA19C23FAF00EF952D /* Images */,
				00A01FBD19C23F0000EF952D /* Images.xcassets */,
				00A01FB219C23F0000EF952D /* Supporting Files */,
			);
			path = Blocstagram2;
			sourceTree = "<group>";
		};
		00A01FB219C23F0000EF952D /* Supporting Files */ = {
			isa = PBXGroup;
			children = (
				00A01FB319C23F0000EF952D /* Blocstagram2-Info.plist */,
				00A01FB419C23F0000EF952D /* InfoPlist.strings */,
				00A01FB719C23F0000EF952D /* main.m */,
				00A01FB919C23F0000EF952D /* Blocstagram2-Prefix.pch */,
			);
			name = "Supporting Files";
			sourceTree = "<group>";
		};
		00A01FCA19C23F0100EF952D /* Blocstagram2Tests */ = {
			isa = PBXGroup;
			children = (
				00A01FD019C23F0100EF952D /* Blocstagram2Tests.m */,
				00A01FCB19C23F0100EF952D /* Supporting Files */,
			);
			path = Blocstagram2Tests;
			sourceTree = "<group>";
		};
		00A01FCB19C23F0100EF952D /* Supporting Files */ = {
			isa = PBXGroup;
			children = (
				00A01FCC19C23F0100EF952D /* Blocstagram2Tests-Info.plist */,
				00A01FCD19C23F0100EF952D /* InfoPlist.strings */,
			);
			name = "Supporting Files";
			sourceTree = "<group>";
		};
		00A01FDA19C23FAF00EF952D /* Images */ = {
			isa = PBXGroup;
			children = (
				00A01FDB19C23FCE00EF952D /* 1.jpg */,
				00A01FDC19C23FCE00EF952D /* 2.jpg */,
				00A01FDD19C23FCE00EF952D /* 3.jpg */,
				00A01FDE19C23FCE00EF952D /* 4.jpg */,
				00A01FDF19C23FCE00EF952D /* 5.jpg */,
				00A01FE019C23FCE00EF952D /* 6.jpg */,
				00A01FE119C23FCE00EF952D /* 7.jpg */,
				00A01FE219C23FCE00EF952D /* 8.jpg */,
				00A01FE319C23FCE00EF952D /* 9.jpg */,
				00A01FE419C23FCE00EF952D /* 10.jpg */,
			);
			name = Images;
			sourceTree = "<group>";
		};
/* End PBXGroup section */

/* Begin PBXNativeTarget section */
		00A01FA719C23F0000EF952D /* Blocstagram2 */ = {
			isa = PBXNativeTarget;
			buildConfigurationList = 00A01FD419C23F0100EF952D /* Build configuration list for PBXNativeTarget "Blocstagram2" */;
			buildPhases = (
				00A01FA419C23F0000EF952D /* Sources */,
				00A01FA519C23F0000EF952D /* Frameworks */,
				00A01FA619C23F0000EF952D /* Resources */,
			);
			buildRules = (
			);
			dependencies = (
			);
			name = Blocstagram2;
			productName = Blocstagram2;
			productReference = 00A01FA819C23F0000EF952D /* Blocstagram2.app */;
			productType = "com.apple.product-type.application";
		};
		00A01FC219C23F0000EF952D /* Blocstagram2Tests */ = {
			isa = PBXNativeTarget;
			buildConfigurationList = 00A01FD719C23F0100EF952D /* Build configuration list for PBXNativeTarget "Blocstagram2Tests" */;
			buildPhases = (
				00A01FBF19C23F0000EF952D /* Sources */,
				00A01FC019C23F0000EF952D /* Frameworks */,
				00A01FC119C23F0000EF952D /* Resources */,
			);
			buildRules = (
			);
			dependencies = (
				00A01FC919C23F0100EF952D /* PBXTargetDependency */,
			);
			name = Blocstagram2Tests;
			productName = Blocstagram2Tests;
			productReference = 00A01FC319C23F0000EF952D /* Blocstagram2Tests.xctest */;
			productType = "com.apple.product-type.bundle.unit-test";
		};
/* End PBXNativeTarget section */

/* Begin PBXProject section */
		00A01FA019C23F0000EF952D /* Project object */ = {
			isa = PBXProject;
			attributes = {
				CLASSPREFIX = BLC;
				LastUpgradeCheck = 0510;
				ORGANIZATIONNAME = "Renaldo Webb";
				TargetAttributes = {
					00A01FC219C23F0000EF952D = {
						TestTargetID = 00A01FA719C23F0000EF952D;
					};
				};
			};
			buildConfigurationList = 00A01FA319C23F0000EF952D /* Build configuration list for PBXProject "Blocstagram2" */;
			compatibilityVersion = "Xcode 3.2";
			developmentRegion = English;
			hasScannedForEncodings = 0;
			knownRegions = (
				en,
			);
			mainGroup = 00A01F9F19C23F0000EF952D;
			productRefGroup = 00A01FA919C23F0000EF952D /* Products */;
			projectDirPath = "";
			projectRoot = "";
			targets = (
				00A01FA719C23F0000EF952D /* Blocstagram2 */,
				00A01FC219C23F0000EF952D /* Blocstagram2Tests */,
			);
		};
/* End PBXProject section */

/* Begin PBXResourcesBuildPhase section */
		00A01FA619C23F0000EF952D /* Resources */ = {
			isa = PBXResourcesBuildPhase;
			buildActionMask = 2147483647;
			files = (
				00A01FED19C23FCE00EF952D /* 9.jpg in Resources */,
				00A01FEC19C23FCE00EF952D /* 8.jpg in Resources */,
				00A01FE819C23FCE00EF952D /* 4.jpg in Resources */,
				00A01FE719C23FCE00EF952D /* 3.jpg in Resources */,
				00A01FEA19C23FCE00EF952D /* 6.jpg in Resources */,
				00A01FE519C23FCE00EF952D /* 1.jpg in Resources */,
				00A01FB619C23F0000EF952D /* InfoPlist.strings in Resources */,
				00A01FE919C23FCE00EF952D /* 5.jpg in Resources */,
				00A01FEB19C23FCE00EF952D /* 7.jpg in Resources */,
				00A01FE619C23FCE00EF952D /* 2.jpg in Resources */,
				00A01FEE19C23FCE00EF952D /* 10.jpg in Resources */,
				00A01FBE19C23F0000EF952D /* Images.xcassets in Resources */,
			);
			runOnlyForDeploymentPostprocessing = 0;
		};
		00A01FC119C23F0000EF952D /* Resources */ = {
			isa = PBXResourcesBuildPhase;
			buildActionMask = 2147483647;
			files = (
				00A01FCF19C23F0100EF952D /* InfoPlist.strings in Resources */,
			);
			runOnlyForDeploymentPostprocessing = 0;
		};
/* End PBXResourcesBuildPhase section */

/* Begin PBXSourcesBuildPhase section */
		00A01FA419C23F0000EF952D /* Sources */ = {
			isa = PBXSourcesBuildPhase;
			buildActionMask = 2147483647;
			files = (
				00A01FF419C257FB00EF952D /* BLCUser.m in Sources */,
				00A01FBC19C23F0000EF952D /* BLCAppDelegate.m in Sources */,
				00A01FB819C23F0000EF952D /* main.m in Sources */,
				00A01FF119C2400A00EF952D /* BLCImagesTableViewController.m in Sources */,
				00A01FFD19C25BDA00EF952D /* BLCDatasource.m in Sources */,
				00A01FF719C258B100EF952D /* BLCMedia.m in Sources */,
				00D112DE19C9245200E08EED /* BLCMediaTableViewCell.m in Sources */,
				00A01FFA19C25AC700EF952D /* BLCComment.m in Sources */,
				000A54E419DB75C500FC7438 /* BLCLoginViewController.m in Sources */,
			);
			runOnlyForDeploymentPostprocessing = 0;
		};
		00A01FBF19C23F0000EF952D /* Sources */ = {
			isa = PBXSourcesBuildPhase;
			buildActionMask = 2147483647;
			files = (
				00A01FD119C23F0100EF952D /* Blocstagram2Tests.m in Sources */,
			);
			runOnlyForDeploymentPostprocessing = 0;
		};
/* End PBXSourcesBuildPhase section */

/* Begin PBXTargetDependency section */
		00A01FC919C23F0100EF952D /* PBXTargetDependency */ = {
			isa = PBXTargetDependency;
			target = 00A01FA719C23F0000EF952D /* Blocstagram2 */;
			targetProxy = 00A01FC819C23F0100EF952D /* PBXContainerItemProxy */;
		};
/* End PBXTargetDependency section */

/* Begin PBXVariantGroup section */
		00A01FB419C23F0000EF952D /* InfoPlist.strings */ = {
			isa = PBXVariantGroup;
			children = (
				00A01FB519C23F0000EF952D /* en */,
			);
			name = InfoPlist.strings;
			sourceTree = "<group>";
		};
		00A01FCD19C23F0100EF952D /* InfoPlist.strings */ = {
			isa = PBXVariantGroup;
			children = (
				00A01FCE19C23F0100EF952D /* en */,
			);
			name = InfoPlist.strings;
			sourceTree = "<group>";
		};
/* End PBXVariantGroup section */

/* Begin XCBuildConfiguration section */
		00A01FD219C23F0100EF952D /* Debug */ = {
			isa = XCBuildConfiguration;
			buildSettings = {
				ALWAYS_SEARCH_USER_PATHS = NO;
				CLANG_CXX_LANGUAGE_STANDARD = "gnu++0x";
				CLANG_CXX_LIBRARY = "libc++";
				CLANG_ENABLE_MODULES = YES;
				CLANG_ENABLE_OBJC_ARC = YES;
				CLANG_WARN_BOOL_CONVERSION = YES;
				CLANG_WARN_CONSTANT_CONVERSION = YES;
				CLANG_WARN_DIRECT_OBJC_ISA_USAGE = YES_ERROR;
				CLANG_WARN_EMPTY_BODY = YES;
				CLANG_WARN_ENUM_CONVERSION = YES;
				CLANG_WARN_INT_CONVERSION = YES;
				CLANG_WARN_OBJC_ROOT_CLASS = YES_ERROR;
				CLANG_WARN__DUPLICATE_METHOD_MATCH = YES;
				"CODE_SIGN_IDENTITY[sdk=iphoneos*]" = "iPhone Developer";
				COPY_PHASE_STRIP = NO;
				GCC_C_LANGUAGE_STANDARD = gnu99;
				GCC_DYNAMIC_NO_PIC = NO;
				GCC_OPTIMIZATION_LEVEL = 0;
				GCC_PREPROCESSOR_DEFINITIONS = (
					"DEBUG=1",
					"$(inherited)",
				);
				GCC_SYMBOLS_PRIVATE_EXTERN = NO;
				GCC_WARN_64_TO_32_BIT_CONVERSION = YES;
				GCC_WARN_ABOUT_RETURN_TYPE = YES_ERROR;
				GCC_WARN_UNDECLARED_SELECTOR = YES;
				GCC_WARN_UNINITIALIZED_AUTOS = YES_AGGRESSIVE;
				GCC_WARN_UNUSED_FUNCTION = YES;
				GCC_WARN_UNUSED_VARIABLE = YES;
				IPHONEOS_DEPLOYMENT_TARGET = 7.1;
				ONLY_ACTIVE_ARCH = YES;
				SDKROOT = iphoneos;
				TARGETED_DEVICE_FAMILY = "1,2";
			};
			name = Debug;
		};
		00A01FD319C23F0100EF952D /* Release */ = {
			isa = XCBuildConfiguration;
			buildSettings = {
				ALWAYS_SEARCH_USER_PATHS = NO;
				CLANG_CXX_LANGUAGE_STANDARD = "gnu++0x";
				CLANG_CXX_LIBRARY = "libc++";
				CLANG_ENABLE_MODULES = YES;
				CLANG_ENABLE_OBJC_ARC = YES;
				CLANG_WARN_BOOL_CONVERSION = YES;
				CLANG_WARN_CONSTANT_CONVERSION = YES;
				CLANG_WARN_DIRECT_OBJC_ISA_USAGE = YES_ERROR;
				CLANG_WARN_EMPTY_BODY = YES;
				CLANG_WARN_ENUM_CONVERSION = YES;
				CLANG_WARN_INT_CONVERSION = YES;
				CLANG_WARN_OBJC_ROOT_CLASS = YES_ERROR;
				CLANG_WARN__DUPLICATE_METHOD_MATCH = YES;
				"CODE_SIGN_IDENTITY[sdk=iphoneos*]" = "iPhone Developer";
				COPY_PHASE_STRIP = YES;
				ENABLE_NS_ASSERTIONS = NO;
				GCC_C_LANGUAGE_STANDARD = gnu99;
				GCC_WARN_64_TO_32_BIT_CONVERSION = YES;
				GCC_WARN_ABOUT_RETURN_TYPE = YES_ERROR;
				GCC_WARN_UNDECLARED_SELECTOR = YES;
				GCC_WARN_UNINITIALIZED_AUTOS = YES_AGGRESSIVE;
				GCC_WARN_UNUSED_FUNCTION = YES;
				GCC_WARN_UNUSED_VARIABLE = YES;
				IPHONEOS_DEPLOYMENT_TARGET = 7.1;
				SDKROOT = iphoneos;
				TARGETED_DEVICE_FAMILY = "1,2";
				VALIDATE_PRODUCT = YES;
			};
			name = Release;
		};
		00A01FD519C23F0100EF952D /* Debug */ = {
			isa = XCBuildConfiguration;
			buildSettings = {
				ASSETCATALOG_COMPILER_APPICON_NAME = AppIcon;
				ASSETCATALOG_COMPILER_LAUNCHIMAGE_NAME = LaunchImage;
				GCC_PRECOMPILE_PREFIX_HEADER = YES;
				GCC_PREFIX_HEADER = "Blocstagram2/Blocstagram2-Prefix.pch";
				INFOPLIST_FILE = "Blocstagram2/Blocstagram2-Info.plist";
				PRODUCT_NAME = "$(TARGET_NAME)";
				WRAPPER_EXTENSION = app;
			};
			name = Debug;
		};
		00A01FD619C23F0100EF952D /* Release */ = {
			isa = XCBuildConfiguration;
			buildSettings = {
				ASSETCATALOG_COMPILER_APPICON_NAME = AppIcon;
				ASSETCATALOG_COMPILER_LAUNCHIMAGE_NAME = LaunchImage;
				GCC_PRECOMPILE_PREFIX_HEADER = YES;
				GCC_PREFIX_HEADER = "Blocstagram2/Blocstagram2-Prefix.pch";
				INFOPLIST_FILE = "Blocstagram2/Blocstagram2-Info.plist";
				PRODUCT_NAME = "$(TARGET_NAME)";
				WRAPPER_EXTENSION = app;
			};
			name = Release;
		};
		00A01FD819C23F0100EF952D /* Debug */ = {
			isa = XCBuildConfiguration;
			buildSettings = {
				BUNDLE_LOADER = "$(BUILT_PRODUCTS_DIR)/Blocstagram2.app/Blocstagram2";
				FRAMEWORK_SEARCH_PATHS = (
					"$(SDKROOT)/Developer/Library/Frameworks",
					"$(inherited)",
					"$(DEVELOPER_FRAMEWORKS_DIR)",
				);
				GCC_PRECOMPILE_PREFIX_HEADER = YES;
				GCC_PREFIX_HEADER = "Blocstagram2/Blocstagram2-Prefix.pch";
				GCC_PREPROCESSOR_DEFINITIONS = (
					"DEBUG=1",
					"$(inherited)",
				);
				INFOPLIST_FILE = "Blocstagram2Tests/Blocstagram2Tests-Info.plist";
				PRODUCT_NAME = "$(TARGET_NAME)";
				TEST_HOST = "$(BUNDLE_LOADER)";
				WRAPPER_EXTENSION = xctest;
			};
			name = Debug;
		};
		00A01FD919C23F0100EF952D /* Release */ = {
			isa = XCBuildConfiguration;
			buildSettings = {
				BUNDLE_LOADER = "$(BUILT_PRODUCTS_DIR)/Blocstagram2.app/Blocstagram2";
				FRAMEWORK_SEARCH_PATHS = (
					"$(SDKROOT)/Developer/Library/Frameworks",
					"$(inherited)",
					"$(DEVELOPER_FRAMEWORKS_DIR)",
				);
				GCC_PRECOMPILE_PREFIX_HEADER = YES;
				GCC_PREFIX_HEADER = "Blocstagram2/Blocstagram2-Prefix.pch";
				INFOPLIST_FILE = "Blocstagram2Tests/Blocstagram2Tests-Info.plist";
				PRODUCT_NAME = "$(TARGET_NAME)";
				TEST_HOST = "$(BUNDLE_LOADER)";
				WRAPPER_EXTENSION = xctest;
			};
			name = Release;
		};
/* End XCBuildConfiguration section */

/* Begin XCConfigurationList section */
		00A01FA319C23F0000EF952D /* Build configuration list for PBXProject "Blocstagram2" */ = {
			isa = XCConfigurationList;
			buildConfigurations = (
				00A01FD219C23F0100EF952D /* Debug */,
				00A01FD319C23F0100EF952D /* Release */,
			);
			defaultConfigurationIsVisible = 0;
			defaultConfigurationName = Release;
		};
		00A01FD419C23F0100EF952D /* Build configuration list for PBXNativeTarget "Blocstagram2" */ = {
			isa = XCConfigurationList;
			buildConfigurations = (
				00A01FD519C23F0100EF952D /* Debug */,
				00A01FD619C23F0100EF952D /* Release */,
			);
			defaultConfigurationIsVisible = 0;
			defaultConfigurationName = Release;
		};
		00A01FD719C23F0100EF952D /* Build configuration list for PBXNativeTarget "Blocstagram2Tests" */ = {
			isa = XCConfigurationList;
			buildConfigurations = (
				00A01FD819C23F0100EF952D /* Debug */,
				00A01FD919C23F0100EF952D /* Release */,
			);
			defaultConfigurationIsVisible = 0;
			defaultConfigurationName = Release;
		};
/* End XCConfigurationList section */
	};
	rootObject = 00A01FA019C23F0000EF952D /* Project object */;
}
